
Microsoft Visual Studio Solution File, Format Version 12.00
# Visual Studio Version 16
VisualStudioVersion = 16.0.31702.278
MinimumVisualStudioVersion = 10.0.40219.1
Project("{9A19103F-16F7-4668-BE54-9A1E7A4F7556}") = "OOPsPractice", "OOPsPractice\OOPsPractice.csproj", "{117C5ABC-6665-4235-BFC6-40CCA077A879}"
EndProject
Project("{9A19103F-16F7-4668-BE54-9A1E7A4F7556}") = "DifferentAssembly", "DifferentAssembly\DifferentAssembly.csproj", "{F87351F4-E5A6-4F14-B0E4-BE2ADD85684C}"
EndProject
Project("{FAE04EC0-301F-11D3-BF4B-00C04F79EFBC}") = "Inheritance", "Inheritance\Inheritance.csproj", "{5953A48A-0690-4F59-87E7-EC2CCA497DE5}"
EndProject
Global
	GlobalSection(SolutionConfigurationPlatforms) = preSolution
		Debug|Any CPU = Debug|Any CPU
		Release|Any CPU = Release|Any CPU
	EndGlobalSection
	GlobalSection(ProjectConfigurationPlatforms) = postSolution
		{117C5ABC-6665-4235-BFC6-40CCA077A879}.Debug|Any CPU.ActiveCfg = Debug|Any CPU
		{117C5ABC-6665-4235-BFC6-40CCA077A879}.Debug|Any CPU.Build.0 = Debug|Any CPU
		{117C5ABC-6665-4235-BFC6-40CCA077A879}.Release|Any CPU.ActiveCfg = Release|Any CPU
		{117C5ABC-6665-4235-BFC6-40CCA077A879}.Release|Any CPU.Build.0 = Release|Any CPU
		{F87351F4-E5A6-4F14-B0E4-BE2ADD85684C}.Debug|Any CPU.ActiveCfg = Debug|Any CPU
		{F87351F4-E5A6-4F14-B0E4-BE2ADD85684C}.Debug|Any CPU.Build.0 = Debug|Any CPU
		{F87351F4-E5A6-4F14-B0E4-BE2ADD85684C}.Release|Any CPU.ActiveCfg = Release|Any CPU
		{F87351F4-E5A6-4F14-B0E4-BE2ADD85684C}.Release|Any CPU.Build.0 = Release|Any CPU
		{5953A48A-0690-4F59-87E7-EC2CCA497DE5}.Debug|Any CPU.ActiveCfg = Debug|Any CPU
		{5953A48A-0690-4F59-87E7-EC2CCA497DE5}.Debug|Any CPU.Build.0 = Debug|Any CPU
		{5953A48A-0690-4F59-87E7-EC2CCA497DE5}.Release|Any CPU.ActiveCfg = Release|Any CPU
		{5953A48A-0690-4F59-87E7-EC2CCA497DE5}.Release|Any CPU.Build.0 = Release|Any CPU
	EndGlobalSection
	GlobalSection(SolutionProperties) = preSolution
		HideSolutionNode = FALSE
	EndGlobalSection
	GlobalSection(ExtensibilityGlobals) = postSolution
		SolutionGuid = {67C07BCE-ADF4-4384-B96F-16C0CD509075}
	EndGlobalSection
EndGlobal
